PODS:
  - Flutter (1.0.0)
  - flutter_qr_lib (0.0.1):
    - Flutter

DEPENDENCIES:
  - Flutter (from `Flutter`)
  - flutter_qr_lib (from `.symlinks/plugins/flutter_qr_lib/ios`)

EXTERNAL SOURCES:
  Flutter:
    :path: Flutter
  flutter_qr_lib:
    :path: ".symlinks/plugins/flutter_qr_lib/ios"

SPEC CHECKSUMS:
  Flutter: 0e3d915762c693b495b44d77113d4970485de6ec
  flutter_qr_lib: 83c15efbe53e7ce56447626b512292f7a24c0f82

PODFILE CHECKSUM: aafe91acc616949ddb318b77800a7f51bffa2a4c

COCOAPODS: 1.10.0
