// !$*UTF8*$!
{
	archiveVersion = 1;
	classes = {
	};
	objectVersion = 50;
	objects = {

/* Begin PBXBuildFile section */
		FA1D8414212B01FA0003F976 /* Alamofire.framework in Frameworks */ = {isa = PBXBuildFile; fileRef = FA1D8413212B01FA0003F976 /* Alamofire.framework */; };
		FA1D841F212F12330003F976 /* QRGeneratorTests.swift in Sources */ = {isa = PBXBuildFile; fileRef = FA1D841E212F12330003F976 /* QRGeneratorTests.swift */; };
		FA25F66C2124E90D007F5A4A /* AppDelegate.swift in Sources */ = {isa = PBXBuildFile; fileRef = FA25F66B2124E90D007F5A4A /* AppDelegate.swift */; };
		FA25F66E2124E90D007F5A4A /* ViewController.swift in Sources */ = {isa = PBXBuildFile; fileRef = FA25F66D2124E90D007F5A4A /* ViewController.swift */; };
		FA25F6712124E90D007F5A4A /* Main.storyboard in Resources */ = {isa = PBXBuildFile; fileRef = FA25F66F2124E90D007F5A4A /* Main.storyboard */; };
		FA25F6732124E913007F5A4A /* Assets.xcassets in Resources */ = {isa = PBXBuildFile; fileRef = FA25F6722124E913007F5A4A /* Assets.xcassets */; };
		FA25F6762124E913007F5A4A /* LaunchScreen.storyboard in Resources */ = {isa = PBXBuildFile; fileRef = FA25F6742124E913007F5A4A /* LaunchScreen.storyboard */; };
/* End PBXBuildFile section */

/* Begin PBXContainerItemProxy section */
		FA1D8421212F12330003F976 /* PBXContainerItemProxy */ = {
			isa = PBXContainerItemProxy;
			containerPortal = FA25F6602124E90D007F5A4A /* Project object */;
			proxyType = 1;
			remoteGlobalIDString = FA25F6672124E90D007F5A4A;
			remoteInfo = QRGenerator;
		};
/* End PBXContainerItemProxy section */

/* Begin PBXFileReference section */
		FA1D8413212B01FA0003F976 /* Alamofire.framework */ = {isa = PBXFileReference; lastKnownFileType = wrapper.framework; name = Alamofire.framework; path = Carthage/Build/iOS/Alamofire.framework; sourceTree = "<group>"; };
		FA1D841C212F12320003F976 /* QRGeneratorTests.xctest */ = {isa = PBXFileReference; explicitFileType = wrapper.cfbundle; includeInIndex = 0; path = QRGeneratorTests.xctest; sourceTree = BUILT_PRODUCTS_DIR; };
		FA1D841E212F12330003F976 /* QRGeneratorTests.swift */ = {isa = PBXFileReference; lastKnownFileType = sourcecode.swift; path = QRGeneratorTests.swift; sourceTree = "<group>"; };
		FA1D8420212F12330003F976 /* Info.plist */ = {isa = PBXFileReference; lastKnownFileType = text.plist.xml; path = Info.plist; sourceTree = "<group>"; };
		FA25F6682124E90D007F5A4A /* QRGenerator.app */ = {isa = PBXFileReference; explicitFileType = wrapper.application; includeInIndex = 0; path = QRGenerator.app; sourceTree = BUILT_PRODUCTS_DIR; };
		FA25F66B2124E90D007F5A4A /* AppDelegate.swift */ = {isa = PBXFileReference; lastKnownFileType = sourcecode.swift; path = AppDelegate.swift; sourceTree = "<group>"; };
		FA25F66D2124E90D007F5A4A /* ViewController.swift */ = {isa = PBXFileReference; lastKnownFileType = sourcecode.swift; path = ViewController.swift; sourceTree = "<group>"; };
		FA25F6702124E90D007F5A4A /* Base */ = {isa = PBXFileReference; lastKnownFileType = file.storyboard; name = Base; path = Base.lproj/Main.storyboard; sourceTree = "<group>"; };
		FA25F6722124E913007F5A4A /* Assets.xcassets */ = {isa = PBXFileReference; lastKnownFileType = folder.assetcatalog; path = Assets.xcassets; sourceTree = "<group>"; };
		FA25F6752124E913007F5A4A /* Base */ = {isa = PBXFileReference; lastKnownFileType = file.storyboard; name = Base; path = Base.lproj/LaunchScreen.storyboard; sourceTree = "<group>"; };
		FA25F6772124E913007F5A4A /* Info.plist */ = {isa = PBXFileReference; lastKnownFileType = text.plist.xml; path = Info.plist; sourceTree = "<group>"; };
/* End PBXFileReference section */

/* Begin PBXFrameworksBuildPhase section */
		FA1D8419212F12320003F976 /* Frameworks */ = {
			isa = PBXFrameworksBuildPhase;
			buildActionMask = 2147483647;
			files = (
			);
			runOnlyForDeploymentPostprocessing = 0;
		};
		FA25F6652124E90D007F5A4A /* Frameworks */ = {
			isa = PBXFrameworksBuildPhase;
			buildActionMask = 2147483647;
			files = (
				FA1D8414212B01FA0003F976 /* Alamofire.framework in Frameworks */,
			);
			runOnlyForDeploymentPostprocessing = 0;
		};
/* End PBXFrameworksBuildPhase section */

/* Begin PBXGroup section */
		FA1D8412212B01FA0003F976 /* Frameworks */ = {
			isa = PBXGroup;
			children = (
				FA1D8413212B01FA0003F976 /* Alamofire.framework */,
			);
			name = Frameworks;
			sourceTree = "<group>";
		};
		FA1D841D212F12330003F976 /* QRGeneratorTests */ = {
			isa = PBXGroup;
			children = (
				FA1D841E212F12330003F976 /* QRGeneratorTests.swift */,
				FA1D8420212F12330003F976 /* Info.plist */,
			);
			path = QRGeneratorTests;
			sourceTree = "<group>";
		};
		FA25F65F2124E90D007F5A4A = {
			isa = PBXGroup;
			children = (
				FA25F66A2124E90D007F5A4A /* QRGenerator */,
				FA1D841D212F12330003F976 /* QRGeneratorTests */,
				FA25F6692124E90D007F5A4A /* Products */,
				FA1D8412212B01FA0003F976 /* Frameworks */,
			);
			sourceTree = "<group>";
		};
		FA25F6692124E90D007F5A4A /* Products */ = {
			isa = PBXGroup;
			children = (
				FA25F6682124E90D007F5A4A /* QRGenerator.app */,
				FA1D841C212F12320003F976 /* QRGeneratorTests.xctest */,
			);
			name = Products;
			sourceTree = "<group>";
		};
		FA25F66A2124E90D007F5A4A /* QRGenerator */ = {
			isa = PBXGroup;
			children = (
				FA25F66B2124E90D007F5A4A /* AppDelegate.swift */,
				FA25F66D2124E90D007F5A4A /* ViewController.swift */,
				FA25F66F2124E90D007F5A4A /* Main.storyboard */,
				FA25F6722124E913007F5A4A /* Assets.xcassets */,
				FA25F6742124E913007F5A4A /* LaunchScreen.storyboard */,
				FA25F6772124E913007F5A4A /* Info.plist */,
			);
			path = QRGenerator;
			sourceTree = "<group>";
		};
/* End PBXGroup section */

/* Begin PBXNativeTarget section */
		FA1D841B212F12320003F976 /* QRGeneratorTests */ = {
			isa = PBXNativeTarget;
			buildConfigurationList = FA1D8423212F12330003F976 /* Build configuration list for PBXNativeTarget "QRGeneratorTests" */;
			buildPhases = (
				FA1D8418212F12320003F976 /* Sources */,
				FA1D8419212F12320003F976 /* Frameworks */,
				FA1D841A212F12320003F976 /* Resources */,
			);
			buildRules = (
			);
			dependencies = (
				FA1D8422212F12330003F976 /* PBXTargetDependency */,
			);
			name = QRGeneratorTests;
			productName = QRGeneratorTests;
			productReference = FA1D841C212F12320003F976 /* QRGeneratorTests.xctest */;
			productType = "com.apple.product-type.bundle.unit-test";
		};
		FA25F6672124E90D007F5A4A /* QRGenerator */ = {
			isa = PBXNativeTarget;
			buildConfigurationList = FA25F67A2124E913007F5A4A /* Build configuration list for PBXNativeTarget "QRGenerator" */;
			buildPhases = (
				FA25F6642124E90D007F5A4A /* Sources */,
				FA25F6652124E90D007F5A4A /* Frameworks */,
				FA25F6662124E90D007F5A4A /* Resources */,
				FA1D8415212B03A60003F976 /* ShellScript */,
			);
			buildRules = (
			);
			dependencies = (
			);
			name = QRGenerator;
			productName = QRGenerator;
			productReference = FA25F6682124E90D007F5A4A /* QRGenerator.app */;
			productType = "com.apple.product-type.application";
		};
/* End PBXNativeTarget section */

/* Begin PBXProject section */
		FA25F6602124E90D007F5A4A /* Project object */ = {
			isa = PBXProject;
			attributes = {
				LastSwiftUpdateCheck = 0940;
				LastUpgradeCheck = 0940;
				ORGANIZATIONNAME = "Jacob Ross Dobson";
				TargetAttributes = {
					FA1D841B212F12320003F976 = {
						CreatedOnToolsVersion = 9.4.1;
						TestTargetID = FA25F6672124E90D007F5A4A;
					};
					FA25F6672124E90D007F5A4A = {
						CreatedOnToolsVersion = 9.4.1;
					};
				};
			};
			buildConfigurationList = FA25F6632124E90D007F5A4A /* Build configuration list for PBXProject "QRGenerator" */;
			compatibilityVersion = "Xcode 9.3";
			developmentRegion = en;
			hasScannedForEncodings = 0;
			knownRegions = (
				en,
				Base,
			);
			mainGroup = FA25F65F2124E90D007F5A4A;
			productRefGroup = FA25F6692124E90D007F5A4A /* Products */;
			projectDirPath = "";
			projectRoot = "";
			targets = (
				FA25F6672124E90D007F5A4A /* QRGenerator */,
				FA1D841B212F12320003F976 /* QRGeneratorTests */,
			);
		};
/* End PBXProject section */

/* Begin PBXResourcesBuildPhase section */
		FA1D841A212F12320003F976 /* Resources */ = {
			isa = PBXResourcesBuildPhase;
			buildActionMask = 2147483647;
			files = (
			);
			runOnlyForDeploymentPostprocessing = 0;
		};
		FA25F6662124E90D007F5A4A /* Resources */ = {
			isa = PBXResourcesBuildPhase;
			buildActionMask = 2147483647;
			files = (
				FA25F6762124E913007F5A4A /* LaunchScreen.storyboard in Resources */,
				FA25F6732124E913007F5A4A /* Assets.xcassets in Resources */,
				FA25F6712124E90D007F5A4A /* Main.storyboard in Resources */,
			);
			runOnlyForDeploymentPostprocessing = 0;
		};
/* End PBXResourcesBuildPhase section */

/* Begin PBXShellScriptBuildPhase section */
		FA1D8415212B03A60003F976 /* ShellScript */ = {
			isa = PBXShellScriptBuildPhase;
			buildActionMask = 2147483647;
			files = (
			);
			inputPaths = (
				"$(SRCROOT)/Carthage/Build/iOS/Alamofire.framework",
			);
			outputPaths = (
			);
			runOnlyForDeploymentPostprocessing = 0;
			shellPath = /bin/sh;
			shellScript = "/usr/local/bin/carthage copy-frameworks";
			showEnvVarsInLog = 0;
		};
/* End PBXShellScriptBuildPhase section */

/* Begin PBXSourcesBuildPhase section */
		FA1D8418212F12320003F976 /* Sources */ = {
			isa = PBXSourcesBuildPhase;
			buildActionMask = 2147483647;
			files = (
				FA1D841F212F12330003F976 /* QRGeneratorTests.swift in Sources */,
			);
			runOnlyForDeploymentPostprocessing = 0;
		};
		FA25F6642124E90D007F5A4A /* Sources */ = {
			isa = PBXSourcesBuildPhase;
			buildActionMask = 2147483647;
			files = (
				FA25F66E2124E90D007F5A4A /* ViewController.swift in Sources */,
				FA25F66C2124E90D007F5A4A /* AppDelegate.swift in Sources */,
			);
			runOnlyForDeploymentPostprocessing = 0;
		};
/* End PBXSourcesBuildPhase section */

/* Begin PBXTargetDependency section */
		FA1D8422212F12330003F976 /* PBXTargetDependency */ = {
			isa = PBXTargetDependency;
			target = FA25F6672124E90D007F5A4A /* QRGenerator */;
			targetProxy = FA1D8421212F12330003F976 /* PBXContainerItemProxy */;
		};
/* End PBXTargetDependency section */

/* Begin PBXVariantGroup section */
		FA25F66F2124E90D007F5A4A /* Main.storyboard */ = {
			isa = PBXVariantGroup;
			children = (
				FA25F6702124E90D007F5A4A /* Base */,
			);
			name = Main.storyboard;
			sourceTree = "<group>";
		};
		FA25F6742124E913007F5A4A /* LaunchScreen.storyboard */ = {
			isa = PBXVariantGroup;
			children = (
				FA25F6752124E913007F5A4A /* Base */,
			);
			name = LaunchScreen.storyboard;
			sourceTree = "<group>";
		};
/* End PBXVariantGroup section */

/* Begin XCBuildConfiguration section */
		FA1D8424212F12330003F976 /* Debug */ = {
			isa = XCBuildConfiguration;
			buildSettings = {
				BUNDLE_LOADER = "$(TEST_HOST)";
				CODE_SIGN_STYLE = Automatic;
				DEVELOPMENT_TEAM = R3W67YCVBM;
				INFOPLIST_FILE = QRGeneratorTests/Info.plist;
				LD_RUNPATH_SEARCH_PATHS = (
					"$(inherited)",
					"@executable_path/Frameworks",
					"@loader_path/Frameworks",
				);
				PRODUCT_BUNDLE_IDENTIFIER = com.JRD.QRGeneratorTests;
				PRODUCT_NAME = "$(TARGET_NAME)";
				SWIFT_VERSION = 4.0;
				TARGETED_DEVICE_FAMILY = "1,2";
				TEST_HOST = "$(BUILT_PRODUCTS_DIR)/QRGenerator.app/QRGenerator";
			};
			name = Debug;
		};
		FA1D8425212F12330003F976 /* Release */ = {
			isa = XCBuildConfiguration;
			buildSettings = {
				BUNDLE_LOADER = "$(TEST_HOST)";
				CODE_SIGN_STYLE = Automatic;
				DEVELOPMENT_TEAM = R3W67YCVBM;
				INFOPLIST_FILE = QRGeneratorTests/Info.plist;
				LD_RUNPATH_SEARCH_PATHS = (
					"$(inherited)",
					"@executable_path/Frameworks",
					"@loader_path/Frameworks",
				);
				PRODUCT_BUNDLE_IDENTIFIER = com.JRD.QRGeneratorTests;
				PRODUCT_NAME = "$(TARGET_NAME)";
				SWIFT_VERSION = 4.0;
				TARGETED_DEVICE_FAMILY = "1,2";
				TEST_HOST = "$(BUILT_PRODUCTS_DIR)/QRGenerator.app/QRGenerator";
			};
			name = Release;
		};
		FA25F6782124E913007F5A4A /* Debug */ = {
			isa = XCBuildConfiguration;
			buildSettings = {
				ALWAYS_SEARCH_USER_PATHS = NO;
				CLANG_ANALYZER_NONNULL = YES;
				CLANG_ANALYZER_NUMBER_OBJECT_CONVERSION = YES_AGGRESSIVE;
				CLANG_CXX_LANGUAGE_STANDARD = "gnu++14";
				CLANG_CXX_LIBRARY = "libc++";
				CLANG_ENABLE_MODULES = YES;
				CLANG_ENABLE_OBJC_ARC = YES;
				CLANG_ENABLE_OBJC_WEAK = YES;
				CLANG_WARN_BLOCK_CAPTURE_AUTORELEASING = YES;
				CLANG_WARN_BOOL_CONVERSION = YES;
				CLANG_WARN_COMMA = YES;
				CLANG_WARN_CONSTANT_CONVERSION = YES;
				CLANG_WARN_DEPRECATED_OBJC_IMPLEMENTATIONS = YES;
				CLANG_WARN_DIRECT_OBJC_ISA_USAGE = YES_ERROR;
				CLANG_WARN_DOCUMENTATION_COMMENTS = YES;
				CLANG_WARN_EMPTY_BODY = YES;
				CLANG_WARN_ENUM_CONVERSION = YES;
				CLANG_WARN_INFINITE_RECURSION = YES;
				CLANG_WARN_INT_CONVERSION = YES;
				CLANG_WARN_NON_LITERAL_NULL_CONVERSION = YES;
				CLANG_WARN_OBJC_IMPLICIT_RETAIN_SELF = YES;
				CLANG_WARN_OBJC_LITERAL_CONVERSION = YES;
				CLANG_WARN_OBJC_ROOT_CLASS = YES_ERROR;
				CLANG_WARN_RANGE_LOOP_ANALYSIS = YES;
				CLANG_WARN_STRICT_PROTOTYPES = YES;
				CLANG_WARN_SUSPICIOUS_MOVE = YES;
				CLANG_WARN_UNGUARDED_AVAILABILITY = YES_AGGRESSIVE;
				CLANG_WARN_UNREACHABLE_CODE = YES;
				CLANG_WARN__DUPLICATE_METHOD_MATCH = YES;
				CODE_SIGN_IDENTITY = "iPhone Developer";
				COPY_PHASE_STRIP = NO;
				DEBUG_INFORMATION_FORMAT = dwarf;
				ENABLE_STRICT_OBJC_MSGSEND = YES;
				ENABLE_TESTABILITY = YES;
				GCC_C_LANGUAGE_STANDARD = gnu11;
				GCC_DYNAMIC_NO_PIC = NO;
				GCC_NO_COMMON_BLOCKS = YES;
				GCC_OPTIMIZATION_LEVEL = 0;
				GCC_PREPROCESSOR_DEFINITIONS = (
					"DEBUG=1",
					"$(inherited)",
				);
				GCC_WARN_64_TO_32_BIT_CONVERSION = YES;
				GCC_WARN_ABOUT_RETURN_TYPE = YES_ERROR;
				GCC_WARN_UNDECLARED_SELECTOR = YES;
				GCC_WARN_UNINITIALIZED_AUTOS = YES_AGGRESSIVE;
				GCC_WARN_UNUSED_FUNCTION = YES;
				GCC_WARN_UNUSED_VARIABLE = YES;
				IPHONEOS_DEPLOYMENT_TARGET = 11.4;
				MTL_ENABLE_DEBUG_INFO = YES;
				ONLY_ACTIVE_ARCH = YES;
				SDKROOT = iphoneos;
				SWIFT_ACTIVE_COMPILATION_CONDITIONS = DEBUG;
				SWIFT_OPTIMIZATION_LEVEL = "-Onone";
			};
			name = Debug;
		};
		FA25F6792124E913007F5A4A /* Release */ = {
			isa = XCBuildConfiguration;
			buildSettings = {
				ALWAYS_SEARCH_USER_PATHS = NO;
				CLANG_ANALYZER_NONNULL = YES;
				CLANG_ANALYZER_NUMBER_OBJECT_CONVERSION = YES_AGGRESSIVE;
				CLANG_CXX_LANGUAGE_STANDARD = "gnu++14";
				CLANG_CXX_LIBRARY = "libc++";
				CLANG_ENABLE_MODULES = YES;
				CLANG_ENABLE_OBJC_ARC = YES;
				CLANG_ENABLE_OBJC_WEAK = YES;
				CLANG_WARN_BLOCK_CAPTURE_AUTORELEASING = YES;
				CLANG_WARN_BOOL_CONVERSION = YES;
				CLANG_WARN_COMMA = YES;
				CLANG_WARN_CONSTANT_CONVERSION = YES;
				CLANG_WARN_DEPRECATED_OBJC_IMPLEMENTATIONS = YES;
				CLANG_WARN_DIRECT_OBJC_ISA_USAGE = YES_ERROR;
				CLANG_WARN_DOCUMENTATION_COMMENTS = YES;
				CLANG_WARN_EMPTY_BODY = YES;
				CLANG_WARN_ENUM_CONVERSION = YES;
				CLANG_WARN_INFINITE_RECURSION = YES;
				CLANG_WARN_INT_CONVERSION = YES;
				CLANG_WARN_NON_LITERAL_NULL_CONVERSION = YES;
				CLANG_WARN_OBJC_IMPLICIT_RETAIN_SELF = YES;
				CLANG_WARN_OBJC_LITERAL_CONVERSION = YES;
				CLANG_WARN_OBJC_ROOT_CLASS = YES_ERROR;
				CLANG_WARN_RANGE_LOOP_ANALYSIS = YES;
				CLANG_WARN_STRICT_PROTOTYPES = YES;
				CLANG_WARN_SUSPICIOUS_MOVE = YES;
				CLANG_WARN_UNGUARDED_AVAILABILITY = YES_AGGRESSIVE;
				CLANG_WARN_UNREACHABLE_CODE = YES;
				CLANG_WARN__DUPLICATE_METHOD_MATCH = YES;
				CODE_SIGN_IDENTITY = "iPhone Developer";
				COPY_PHASE_STRIP = NO;
				DEBUG_INFORMATION_FORMAT = "dwarf-with-dsym";
				ENABLE_NS_ASSERTIONS = NO;
				ENABLE_STRICT_OBJC_MSGSEND = YES;
				GCC_C_LANGUAGE_STANDARD = gnu11;
				GCC_NO_COMMON_BLOCKS = YES;
				GCC_WARN_64_TO_32_BIT_CONVERSION = YES;
				GCC_WARN_ABOUT_RETURN_TYPE = YES_ERROR;
				GCC_WARN_UNDECLARED_SELECTOR = YES;
				GCC_WARN_UNINITIALIZED_AUTOS = YES_AGGRESSIVE;
				GCC_WARN_UNUSED_FUNCTION = YES;
				GCC_WARN_UNUSED_VARIABLE = YES;
				IPHONEOS_DEPLOYMENT_TARGET = 11.4;
				MTL_ENABLE_DEBUG_INFO = NO;
				SDKROOT = iphoneos;
				SWIFT_COMPILATION_MODE = wholemodule;
				SWIFT_OPTIMIZATION_LEVEL = "-O";
				VALIDATE_PRODUCT = YES;
			};
			name = Release;
		};
		FA25F67B2124E913007F5A4A /* Debug */ = {
			isa = XCBuildConfiguration;
			buildSettings = {
				ASSETCATALOG_COMPILER_APPICON_NAME = AppIcon;
				CODE_SIGN_STYLE = Automatic;
				DEVELOPMENT_TEAM = R3W67YCVBM;
				FRAMEWORK_SEARCH_PATHS = (
					"$(inherited)",
					"$(PROJECT_DIR)/Carthage/Build/iOS",
				);
				INFOPLIST_FILE = QRGenerator/Info.plist;
				LD_RUNPATH_SEARCH_PATHS = (
					"$(inherited)",
					"@executable_path/Frameworks",
				);
				PRODUCT_BUNDLE_IDENTIFIER = com.JRD.QRGenerator;
				PRODUCT_NAME = "$(TARGET_NAME)";
				SWIFT_VERSION = 4.0;
				TARGETED_DEVICE_FAMILY = "1,2";
			};
			name = Debug;
		};
		FA25F67C2124E913007F5A4A /* Release */ = {
			isa = XCBuildConfiguration;
			buildSettings = {
				ASSETCATALOG_COMPILER_APPICON_NAME = AppIcon;
				CODE_SIGN_STYLE = Automatic;
				DEVELOPMENT_TEAM = R3W67YCVBM;
				FRAMEWORK_SEARCH_PATHS = (
					"$(inherited)",
					"$(PROJECT_DIR)/Carthage/Build/iOS",
				);
				INFOPLIST_FILE = QRGenerator/Info.plist;
				LD_RUNPATH_SEARCH_PATHS = (
					"$(inherited)",
					"@executable_path/Frameworks",
				);
				PRODUCT_BUNDLE_IDENTIFIER = com.JRD.QRGenerator;
				PRODUCT_NAME = "$(TARGET_NAME)";
				SWIFT_VERSION = 4.0;
				TARGETED_DEVICE_FAMILY = "1,2";
			};
			name = Release;
		};
/* End XCBuildConfiguration section */

/* Begin XCConfigurationList section */
		FA1D8423212F12330003F976 /* Build configuration list for PBXNativeTarget "QRGeneratorTests" */ = {
			isa = XCConfigurationList;
			buildConfigurations = (
				FA1D8424212F12330003F976 /* Debug */,
				FA1D8425212F12330003F976 /* Release */,
			);
			defaultConfigurationIsVisible = 0;
			defaultConfigurationName = Release;
		};
		FA25F6632124E90D007F5A4A /* Build configuration list for PBXProject "QRGenerator" */ = {
			isa = XCConfigurationList;
			buildConfigurations = (
				FA25F6782124E913007F5A4A /* Debug */,
				FA25F6792124E913007F5A4A /* Release */,
			);
			defaultConfigurationIsVisible = 0;
			defaultConfigurationName = Release;
		};
		FA25F67A2124E913007F5A4A /* Build configuration list for PBXNativeTarget "QRGenerator" */ = {
			isa = XCConfigurationList;
			buildConfigurations = (
				FA25F67B2124E913007F5A4A /* Debug */,
				FA25F67C2124E913007F5A4A /* Release */,
			);
			defaultConfigurationIsVisible = 0;
			defaultConfigurationName = Release;
		};
/* End XCConfigurationList section */
	};
	rootObject = FA25F6602124E90D007F5A4A /* Project object */;
}
